
Microsoft Visual Studio Solution File, Format Version 12.00
# Visual Studio 15
Project("{FAE04EC0-301F-11D3-BF4B-00C04F79EFBC}") = "Assembly-CSharp", "Assembly-CSharp.csproj", "{E8111AF8-B3DB-E21F-1CF1-31922C0AFD1F}"
EndProject
Project("{FAE04EC0-301F-11D3-BF4B-00C04F79EFBC}") = "Assembly-CSharp-firstpass", "Assembly-CSharp-firstpass.csproj", "{D89C1DD5-A98F-5351-02E4-630CEBCC8AB1}"
EndProject
Project("{FAE04EC0-301F-11D3-BF4B-00C04F79EFBC}") = "Assembly-CSharp-Editor-firstpass", "Assembly-CSharp-Editor-firstpass.csproj", "{6BC8B1BC-E64F-5A04-1E48-4470D410326A}"
EndProject
Project("{FAE04EC0-301F-11D3-BF4B-00C04F79EFBC}") = "Assembly-CSharp-Editor", "Assembly-CSharp-Editor.csproj", "{8ECBB2A4-B1FA-F930-6C5F-FF9235A1DFD3}"
EndProject
Global
	GlobalSection(SolutionConfigurationPlatforms) = preSolution
		Debug|Any CPU = Debug|Any CPU
		Release|Any CPU = Release|Any CPU
	EndGlobalSection
	GlobalSection(ProjectConfigurationPlatforms) = postSolution
		{E8111AF8-B3DB-E21F-1CF1-31922C0AFD1F}.Debug|Any CPU.ActiveCfg = Debug|Any CPU
		{E8111AF8-B3DB-E21F-1CF1-31922C0AFD1F}.Debug|Any CPU.Build.0 = Debug|Any CPU
		{E8111AF8-B3DB-E21F-1CF1-31922C0AFD1F}.Release|Any CPU.ActiveCfg = Release|Any CPU
		{E8111AF8-B3DB-E21F-1CF1-31922C0AFD1F}.Release|Any CPU.Build.0 = Release|Any CPU
		{D89C1DD5-A98F-5351-02E4-630CEBCC8AB1}.Debug|Any CPU.ActiveCfg = Debug|Any CPU
		{D89C1DD5-A98F-5351-02E4-630CEBCC8AB1}.Debug|Any CPU.Build.0 = Debug|Any CPU
		{D89C1DD5-A98F-5351-02E4-630CEBCC8AB1}.Release|Any CPU.ActiveCfg = Release|Any CPU
		{D89C1DD5-A98F-5351-02E4-630CEBCC8AB1}.Release|Any CPU.Build.0 = Release|Any CPU
		{6BC8B1BC-E64F-5A04-1E48-4470D410326A}.Debug|Any CPU.ActiveCfg = Debug|Any CPU
		{6BC8B1BC-E64F-5A04-1E48-4470D410326A}.Debug|Any CPU.Build.0 = Debug|Any CPU
		{6BC8B1BC-E64F-5A04-1E48-4470D410326A}.Release|Any CPU.ActiveCfg = Release|Any CPU
		{6BC8B1BC-E64F-5A04-1E48-4470D410326A}.Release|Any CPU.Build.0 = Release|Any CPU
		{8ECBB2A4-B1FA-F930-6C5F-FF9235A1DFD3}.Debug|Any CPU.ActiveCfg = Debug|Any CPU
		{8ECBB2A4-B1FA-F930-6C5F-FF9235A1DFD3}.Debug|Any CPU.Build.0 = Debug|Any CPU
		{8ECBB2A4-B1FA-F930-6C5F-FF9235A1DFD3}.Release|Any CPU.ActiveCfg = Release|Any CPU
		{8ECBB2A4-B1FA-F930-6C5F-FF9235A1DFD3}.Release|Any CPU.Build.0 = Release|Any CPU
	EndGlobalSection
	GlobalSection(SolutionProperties) = preSolution
		HideSolutionNode = FALSE
	EndGlobalSection
EndGlobal
